{
  "name": "@coderty/astro-embed-youtube",
  "version": "0.5.11",
  "lockfileVersion": 3,
  "requires": true,
  "packages": {
    "": {
      "name": "@coderty/astro-embed-youtube",
      "version": "0.5.11",
      "license": "MIT",
      "dependencies": {
        "lite-youtube-embed": "0.3.4"
      }
    },
    "node_modules/lite-youtube-embed": {
      "version": "0.3.4",
      "resolved": "https://registry.npmjs.org/lite-youtube-embed/-/lite-youtube-embed-0.3.4.tgz",
      "integrity": "sha512-aXgxpwK7AIW58GEbRzA8EYaY4LWvF3FKak6B9OtSJmuNyLhX2ouD4cMTxz/yR5HFInhknaYd2jLWOTRTvT8oAw==",
      "license": "Apache-2.0"
    }
  }
}
